
Microsoft Visual Studio Solution File, Format Version 12.00
# Visual Studio 15
VisualStudioVersion = 15.0.26730.15
MinimumVisualStudioVersion = 10.0.40219.1
Project("{FAE04EC0-301F-11D3-BF4B-00C04F79EFBC}") = "WebScrapper", "WebScrapper\WebScrapper.csproj", "{7F93B8FA-BA3B-40C5-B817-C17B950AA7AC}"
EndProject
Project("{FAE04EC0-301F-11D3-BF4B-00C04F79EFBC}") = "DynamicDatabase", "DynamicDatabase\DynamicDatabase.csproj", "{A1B2EBAF-5797-4819-802F-4B4B20DEFABE}"
EndProject
Project("{FAE04EC0-301F-11D3-BF4B-00C04F79EFBC}") = "WebReader", "WebReader\WebReader.csproj", "{03EEFDE2-750C-47FD-A425-2DD80DA57FA9}"
EndProject
Global
	GlobalSection(SolutionConfigurationPlatforms) = preSolution
		Debug|Any CPU = Debug|Any CPU
		Debug|x86 = Debug|x86
		Release|Any CPU = Release|Any CPU
		Release|x86 = Release|x86
	EndGlobalSection
	GlobalSection(ProjectConfigurationPlatforms) = postSolution
		{7F93B8FA-BA3B-40C5-B817-C17B950AA7AC}.Debug|Any CPU.ActiveCfg = Debug|Any CPU
		{7F93B8FA-BA3B-40C5-B817-C17B950AA7AC}.Debug|Any CPU.Build.0 = Debug|Any CPU
		{7F93B8FA-BA3B-40C5-B817-C17B950AA7AC}.Debug|x86.ActiveCfg = Debug|x86
		{7F93B8FA-BA3B-40C5-B817-C17B950AA7AC}.Debug|x86.Build.0 = Debug|x86
		{7F93B8FA-BA3B-40C5-B817-C17B950AA7AC}.Release|Any CPU.ActiveCfg = Release|Any CPU
		{7F93B8FA-BA3B-40C5-B817-C17B950AA7AC}.Release|Any CPU.Build.0 = Release|Any CPU
		{7F93B8FA-BA3B-40C5-B817-C17B950AA7AC}.Release|x86.ActiveCfg = Release|x86
		{7F93B8FA-BA3B-40C5-B817-C17B950AA7AC}.Release|x86.Build.0 = Release|x86
		{A1B2EBAF-5797-4819-802F-4B4B20DEFABE}.Debug|Any CPU.ActiveCfg = Debug|Any CPU
		{A1B2EBAF-5797-4819-802F-4B4B20DEFABE}.Debug|Any CPU.Build.0 = Debug|Any CPU
		{A1B2EBAF-5797-4819-802F-4B4B20DEFABE}.Debug|x86.ActiveCfg = Debug|Any CPU
		{A1B2EBAF-5797-4819-802F-4B4B20DEFABE}.Debug|x86.Build.0 = Debug|Any CPU
		{A1B2EBAF-5797-4819-802F-4B4B20DEFABE}.Release|Any CPU.ActiveCfg = Release|Any CPU
		{A1B2EBAF-5797-4819-802F-4B4B20DEFABE}.Release|Any CPU.Build.0 = Release|Any CPU
		{A1B2EBAF-5797-4819-802F-4B4B20DEFABE}.Release|x86.ActiveCfg = Release|Any CPU
		{A1B2EBAF-5797-4819-802F-4B4B20DEFABE}.Release|x86.Build.0 = Release|Any CPU
		{03EEFDE2-750C-47FD-A425-2DD80DA57FA9}.Debug|Any CPU.ActiveCfg = Debug|Any CPU
		{03EEFDE2-750C-47FD-A425-2DD80DA57FA9}.Debug|Any CPU.Build.0 = Debug|Any CPU
		{03EEFDE2-750C-47FD-A425-2DD80DA57FA9}.Debug|x86.ActiveCfg = Debug|Any CPU
		{03EEFDE2-750C-47FD-A425-2DD80DA57FA9}.Debug|x86.Build.0 = Debug|Any CPU
		{03EEFDE2-750C-47FD-A425-2DD80DA57FA9}.Release|Any CPU.ActiveCfg = Release|Any CPU
		{03EEFDE2-750C-47FD-A425-2DD80DA57FA9}.Release|Any CPU.Build.0 = Release|Any CPU
		{03EEFDE2-750C-47FD-A425-2DD80DA57FA9}.Release|x86.ActiveCfg = Release|Any CPU
		{03EEFDE2-750C-47FD-A425-2DD80DA57FA9}.Release|x86.Build.0 = Release|Any CPU
	EndGlobalSection
	GlobalSection(SolutionProperties) = preSolution
		HideSolutionNode = FALSE
	EndGlobalSection
	GlobalSection(ExtensibilityGlobals) = postSolution
		SolutionGuid = {C491DE31-A8F4-40F6-AE85-5ADF7768B371}
	EndGlobalSection
EndGlobal
