
Microsoft Visual Studio Solution File, Format Version 12.00
# Visual Studio 15
VisualStudioVersion = 15.0.26730.15
MinimumVisualStudioVersion = 10.0.40219.1
Project("{FAE04EC0-301F-11D3-BF4B-00C04F79EFBC}") = "WebScrapper", "WebScrapper\WebScrapper.csproj", "{7F93B8FA-BA3B-40C5-B817-C17B950AA7AC}"
EndProject
Project("{FAE04EC0-301F-11D3-BF4B-00C04F79EFBC}") = "DynamicDatabase", "DynamicDatabase\DynamicDatabase.csproj", "{A1B2EBAF-5797-4819-802F-4B4B20DEFABE}"
EndProject
Project("{FAE04EC0-301F-11D3-BF4B-00C04F79EFBC}") = "WebReader", "WebReader\WebReader.csproj", "{03EEFDE2-750C-47FD-A425-2DD80DA57FA9}"
EndProject
Project("{FAE04EC0-301F-11D3-BF4B-00C04F79EFBC}") = "WebCommon", "WebCommon\WebCommon.csproj", "{59422652-B685-4205-B494-B7A40E66220B}"
EndProject
Project("{FAE04EC0-301F-11D3-BF4B-00C04F79EFBC}") = "WebScrapperApp", "WebScrapperApp\WebScrapperApp.csproj", "{945E7A3E-4FB6-4E3A-87D9-29386FD80105}"
EndProject
Project("{FAE04EC0-301F-11D3-BF4B-00C04F79EFBC}") = "ScrapEngine", "ScrapEngine\ScrapEngine.csproj", "{2D25C05D-63D5-4644-8A7B-DAA9D73744D4}"
EndProject
Project("{FAE04EC0-301F-11D3-BF4B-00C04F79EFBC}") = "DynamicDatabaseTests", "DynamicDatabaseTests\DynamicDatabaseTests.csproj", "{CDBC3B0E-D1A8-4203-A54B-9DC681BD5414}"
EndProject
Global
	GlobalSection(SolutionConfigurationPlatforms) = preSolution
		Debug|Any CPU = Debug|Any CPU
		Debug|x86 = Debug|x86
		Release|Any CPU = Release|Any CPU
		Release|x86 = Release|x86
	EndGlobalSection
	GlobalSection(ProjectConfigurationPlatforms) = postSolution
		{7F93B8FA-BA3B-40C5-B817-C17B950AA7AC}.Debug|Any CPU.ActiveCfg = Debug|Any CPU
		{7F93B8FA-BA3B-40C5-B817-C17B950AA7AC}.Debug|Any CPU.Build.0 = Debug|Any CPU
		{7F93B8FA-BA3B-40C5-B817-C17B950AA7AC}.Debug|x86.ActiveCfg = Debug|x86
		{7F93B8FA-BA3B-40C5-B817-C17B950AA7AC}.Debug|x86.Build.0 = Debug|x86
		{7F93B8FA-BA3B-40C5-B817-C17B950AA7AC}.Release|Any CPU.ActiveCfg = Release|Any CPU
		{7F93B8FA-BA3B-40C5-B817-C17B950AA7AC}.Release|Any CPU.Build.0 = Release|Any CPU
		{7F93B8FA-BA3B-40C5-B817-C17B950AA7AC}.Release|x86.ActiveCfg = Release|x86
		{7F93B8FA-BA3B-40C5-B817-C17B950AA7AC}.Release|x86.Build.0 = Release|x86
		{A1B2EBAF-5797-4819-802F-4B4B20DEFABE}.Debug|Any CPU.ActiveCfg = Debug|Any CPU
		{A1B2EBAF-5797-4819-802F-4B4B20DEFABE}.Debug|Any CPU.Build.0 = Debug|Any CPU
		{A1B2EBAF-5797-4819-802F-4B4B20DEFABE}.Debug|x86.ActiveCfg = Debug|Any CPU
		{A1B2EBAF-5797-4819-802F-4B4B20DEFABE}.Debug|x86.Build.0 = Debug|Any CPU
		{A1B2EBAF-5797-4819-802F-4B4B20DEFABE}.Release|Any CPU.ActiveCfg = Release|Any CPU
		{A1B2EBAF-5797-4819-802F-4B4B20DEFABE}.Release|Any CPU.Build.0 = Release|Any CPU
		{A1B2EBAF-5797-4819-802F-4B4B20DEFABE}.Release|x86.ActiveCfg = Release|Any CPU
		{A1B2EBAF-5797-4819-802F-4B4B20DEFABE}.Release|x86.Build.0 = Release|Any CPU
		{03EEFDE2-750C-47FD-A425-2DD80DA57FA9}.Debug|Any CPU.ActiveCfg = Debug|Any CPU
		{03EEFDE2-750C-47FD-A425-2DD80DA57FA9}.Debug|Any CPU.Build.0 = Debug|Any CPU
		{03EEFDE2-750C-47FD-A425-2DD80DA57FA9}.Debug|x86.ActiveCfg = Debug|Any CPU
		{03EEFDE2-750C-47FD-A425-2DD80DA57FA9}.Debug|x86.Build.0 = Debug|Any CPU
		{03EEFDE2-750C-47FD-A425-2DD80DA57FA9}.Release|Any CPU.ActiveCfg = Release|Any CPU
		{03EEFDE2-750C-47FD-A425-2DD80DA57FA9}.Release|Any CPU.Build.0 = Release|Any CPU
		{03EEFDE2-750C-47FD-A425-2DD80DA57FA9}.Release|x86.ActiveCfg = Release|Any CPU
		{03EEFDE2-750C-47FD-A425-2DD80DA57FA9}.Release|x86.Build.0 = Release|Any CPU
		{59422652-B685-4205-B494-B7A40E66220B}.Debug|Any CPU.ActiveCfg = Debug|Any CPU
		{59422652-B685-4205-B494-B7A40E66220B}.Debug|Any CPU.Build.0 = Debug|Any CPU
		{59422652-B685-4205-B494-B7A40E66220B}.Debug|x86.ActiveCfg = Debug|Any CPU
		{59422652-B685-4205-B494-B7A40E66220B}.Debug|x86.Build.0 = Debug|Any CPU
		{59422652-B685-4205-B494-B7A40E66220B}.Release|Any CPU.ActiveCfg = Release|Any CPU
		{59422652-B685-4205-B494-B7A40E66220B}.Release|Any CPU.Build.0 = Release|Any CPU
		{59422652-B685-4205-B494-B7A40E66220B}.Release|x86.ActiveCfg = Release|Any CPU
		{59422652-B685-4205-B494-B7A40E66220B}.Release|x86.Build.0 = Release|Any CPU
		{945E7A3E-4FB6-4E3A-87D9-29386FD80105}.Debug|Any CPU.ActiveCfg = Debug|Any CPU
		{945E7A3E-4FB6-4E3A-87D9-29386FD80105}.Debug|Any CPU.Build.0 = Debug|Any CPU
		{945E7A3E-4FB6-4E3A-87D9-29386FD80105}.Debug|x86.ActiveCfg = Debug|Any CPU
		{945E7A3E-4FB6-4E3A-87D9-29386FD80105}.Debug|x86.Build.0 = Debug|Any CPU
		{945E7A3E-4FB6-4E3A-87D9-29386FD80105}.Release|Any CPU.ActiveCfg = Release|Any CPU
		{945E7A3E-4FB6-4E3A-87D9-29386FD80105}.Release|Any CPU.Build.0 = Release|Any CPU
		{945E7A3E-4FB6-4E3A-87D9-29386FD80105}.Release|x86.ActiveCfg = Release|Any CPU
		{945E7A3E-4FB6-4E3A-87D9-29386FD80105}.Release|x86.Build.0 = Release|Any CPU
		{2D25C05D-63D5-4644-8A7B-DAA9D73744D4}.Debug|Any CPU.ActiveCfg = Debug|Any CPU
		{2D25C05D-63D5-4644-8A7B-DAA9D73744D4}.Debug|Any CPU.Build.0 = Debug|Any CPU
		{2D25C05D-63D5-4644-8A7B-DAA9D73744D4}.Debug|x86.ActiveCfg = Debug|Any CPU
		{2D25C05D-63D5-4644-8A7B-DAA9D73744D4}.Debug|x86.Build.0 = Debug|Any CPU
		{2D25C05D-63D5-4644-8A7B-DAA9D73744D4}.Release|Any CPU.ActiveCfg = Release|Any CPU
		{2D25C05D-63D5-4644-8A7B-DAA9D73744D4}.Release|Any CPU.Build.0 = Release|Any CPU
		{2D25C05D-63D5-4644-8A7B-DAA9D73744D4}.Release|x86.ActiveCfg = Release|Any CPU
		{2D25C05D-63D5-4644-8A7B-DAA9D73744D4}.Release|x86.Build.0 = Release|Any CPU
		{CDBC3B0E-D1A8-4203-A54B-9DC681BD5414}.Debug|Any CPU.ActiveCfg = Debug|Any CPU
		{CDBC3B0E-D1A8-4203-A54B-9DC681BD5414}.Debug|Any CPU.Build.0 = Debug|Any CPU
		{CDBC3B0E-D1A8-4203-A54B-9DC681BD5414}.Debug|x86.ActiveCfg = Debug|Any CPU
		{CDBC3B0E-D1A8-4203-A54B-9DC681BD5414}.Debug|x86.Build.0 = Debug|Any CPU
		{CDBC3B0E-D1A8-4203-A54B-9DC681BD5414}.Release|Any CPU.ActiveCfg = Release|Any CPU
		{CDBC3B0E-D1A8-4203-A54B-9DC681BD5414}.Release|Any CPU.Build.0 = Release|Any CPU
		{CDBC3B0E-D1A8-4203-A54B-9DC681BD5414}.Release|x86.ActiveCfg = Release|Any CPU
		{CDBC3B0E-D1A8-4203-A54B-9DC681BD5414}.Release|x86.Build.0 = Release|Any CPU
	EndGlobalSection
	GlobalSection(SolutionProperties) = preSolution
		HideSolutionNode = FALSE
	EndGlobalSection
	GlobalSection(ExtensibilityGlobals) = postSolution
		SolutionGuid = {C491DE31-A8F4-40F6-AE85-5ADF7768B371}
	EndGlobalSection
EndGlobal
